
Microsoft Visual Studio Solution File, Format Version 12.00
# Visual Studio 15
VisualStudioVersion = 15.0.28307.271
MinimumVisualStudioVersion = 10.0.40219.1
Project("{FAE04EC0-301F-11D3-BF4B-00C04F79EFBC}") = "Homework7GitHub", "Homework7GitHub\Homework7GitHub.csproj", "{FEF32081-4C94-429F-BF2C-5F2A7A49C982}"
EndProject
Global
	GlobalSection(SolutionConfigurationPlatforms) = preSolution
		Debug|Any CPU = Debug|Any CPU
		Release|Any CPU = Release|Any CPU
	EndGlobalSection
	GlobalSection(ProjectConfigurationPlatforms) = postSolution
		{FEF32081-4C94-429F-BF2C-5F2A7A49C982}.Debug|Any CPU.ActiveCfg = Debug|Any CPU
		{FEF32081-4C94-429F-BF2C-5F2A7A49C982}.Debug|Any CPU.Build.0 = Debug|Any CPU
		{FEF32081-4C94-429F-BF2C-5F2A7A49C982}.Release|Any CPU.ActiveCfg = Release|Any CPU
		{FEF32081-4C94-429F-BF2C-5F2A7A49C982}.Release|Any CPU.Build.0 = Release|Any CPU
	EndGlobalSection
	GlobalSection(SolutionProperties) = preSolution
		HideSolutionNode = FALSE
	EndGlobalSection
	GlobalSection(ExtensibilityGlobals) = postSolution
		SolutionGuid = {A935AC9F-A5C1-48EF-9F67-231EF3EE6EB8}
	EndGlobalSection
EndGlobal
